github.com/erikbryant/aes v0.1.1 h1:sZSGs/ieJgIgqurknCYHYHHMfvYfDEY/jXBjiNBVtNw=
github.com/erikbryant/aes v0.1.1/go.mod h1:CBqNYY6kQetj2lnXEcX7hkG+xNqcp26xnJWPQJMM4S4=
github.com/erikbryant/web v0.6.1 h1:KCahLl2Xqsw76xLniszcYIiS+XM8TBMwBEQxdUoM7PU=
github.com/erikbryant/web v0.6.1/go.mod h1:COKnbDhT4/QO3SrM93Emm6rm6R/Q/SjAmJrc1TLslWs=
